
Microsoft Visual Studio Solution File, Format Version 12.00
# Visual Studio Version 16
VisualStudioVersion = 16.0.31624.102
MinimumVisualStudioVersion = 10.0.40219.1
Project("{FAE04EC0-301F-11D3-BF4B-00C04F79EFBC}") = "problemaArray_01", "problemaArray_01\problemaArray_01.csproj", "{962800DF-5ACD-4039-A403-8470CD62E72A}"
EndProject
Global
	GlobalSection(SolutionConfigurationPlatforms) = preSolution
		Debug|Any CPU = Debug|Any CPU
		Release|Any CPU = Release|Any CPU
	EndGlobalSection
	GlobalSection(ProjectConfigurationPlatforms) = postSolution
		{962800DF-5ACD-4039-A403-8470CD62E72A}.Debug|Any CPU.ActiveCfg = Debug|Any CPU
		{962800DF-5ACD-4039-A403-8470CD62E72A}.Debug|Any CPU.Build.0 = Debug|Any CPU
		{962800DF-5ACD-4039-A403-8470CD62E72A}.Release|Any CPU.ActiveCfg = Release|Any CPU
		{962800DF-5ACD-4039-A403-8470CD62E72A}.Release|Any CPU.Build.0 = Release|Any CPU
	EndGlobalSection
	GlobalSection(SolutionProperties) = preSolution
		HideSolutionNode = FALSE
	EndGlobalSection
	GlobalSection(ExtensibilityGlobals) = postSolution
		SolutionGuid = {EF7EC6BC-F54E-4680-A7AC-44CB02C178A5}
	EndGlobalSection
EndGlobal
